
Microsoft Visual Studio Solution File, Format Version 12.00
# Visual Studio Version 17
VisualStudioVersion = 17.4.33110.190
MinimumVisualStudioVersion = 10.0.40219.1
Project("{FAE04EC0-301F-11D3-BF4B-00C04F79EFBC}") = "WebsiteBanHang", "WebsiteBanHang\WebsiteBanHang.csproj", "{93371C1A-862B-49D1-BEA2-DC728C04F815}"
EndProject
Global
	GlobalSection(SolutionConfigurationPlatforms) = preSolution
		Debug|Any CPU = Debug|Any CPU
		Release|Any CPU = Release|Any CPU
	EndGlobalSection
	GlobalSection(ProjectConfigurationPlatforms) = postSolution
		{93371C1A-862B-49D1-BEA2-DC728C04F815}.Debug|Any CPU.ActiveCfg = Debug|Any CPU
		{93371C1A-862B-49D1-BEA2-DC728C04F815}.Debug|Any CPU.Build.0 = Debug|Any CPU
		{93371C1A-862B-49D1-BEA2-DC728C04F815}.Release|Any CPU.ActiveCfg = Release|Any CPU
		{93371C1A-862B-49D1-BEA2-DC728C04F815}.Release|Any CPU.Build.0 = Release|Any CPU
	EndGlobalSection
	GlobalSection(SolutionProperties) = preSolution
		HideSolutionNode = FALSE
	EndGlobalSection
	GlobalSection(ExtensibilityGlobals) = postSolution
		SolutionGuid = {5EDCAB5F-C554-421C-9B3C-156A16523371}
	EndGlobalSection
EndGlobal
